
Microsoft Visual Studio Solution File, Format Version 12.00
# Visual Studio 15
VisualStudioVersion = 15.0.28010.2046
MinimumVisualStudioVersion = 10.0.40219.1
Project("{FAE04EC0-301F-11D3-BF4B-00C04F79EFBC}") = "InstantFest_2", "InstantFest_2\InstantFest_2.csproj", "{6BD7D02A-E4C5-496E-B7A9-237D8F4435EC}"
EndProject
Global
	GlobalSection(SolutionConfigurationPlatforms) = preSolution
		Debug|Any CPU = Debug|Any CPU
		Release|Any CPU = Release|Any CPU
	EndGlobalSection
	GlobalSection(ProjectConfigurationPlatforms) = postSolution
		{6BD7D02A-E4C5-496E-B7A9-237D8F4435EC}.Debug|Any CPU.ActiveCfg = Debug|Any CPU
		{6BD7D02A-E4C5-496E-B7A9-237D8F4435EC}.Debug|Any CPU.Build.0 = Debug|Any CPU
		{6BD7D02A-E4C5-496E-B7A9-237D8F4435EC}.Release|Any CPU.ActiveCfg = Release|Any CPU
		{6BD7D02A-E4C5-496E-B7A9-237D8F4435EC}.Release|Any CPU.Build.0 = Release|Any CPU
	EndGlobalSection
	GlobalSection(SolutionProperties) = preSolution
		HideSolutionNode = FALSE
	EndGlobalSection
	GlobalSection(ExtensibilityGlobals) = postSolution
		SolutionGuid = {203CAD28-DF5F-4BB2-82E8-1CFD1CCB96C9}
	EndGlobalSection
EndGlobal
